github.com/1uvu/Fabric-Demo v0.0.0-20210529091904-4ea8b2dd4986 h1:47NIQwlwHEmwdRjAz4kPtBL+BMyNXHF5/LmG+60SWEk=
github.com/1uvu/Fabric-Demo v0.0.0-20210530134716-82fe340842c7 h1:2mwjAY/MJrDopiQV9dtBiloUyWRVcQm4z1QuQSyU/uk=
github.com/pkg/errors v0.9.1/go.mod h1:bwawxfHBFNV+L2hUp1rHADufV3IMtnDRdf1r5NINEl0=
